
Microsoft Visual Studio Solution File, Format Version 12.00
# Visual Studio Version 17
VisualStudioVersion = 17.13.35818.85 d17.13
MinimumVisualStudioVersion = 10.0.40219.1
Project("{FAE04EC0-301F-11D3-BF4B-00C04F79EFBC}") = "SchoolIMgmt", "SchoolIMgmt.Domain\SchoolIMgmt.csproj", "{F30001B6-66D4-4384-AE56-C9C1453F6FDE}"
EndProject
Global
	GlobalSection(SolutionConfigurationPlatforms) = preSolution
		Debug|Any CPU = Debug|Any CPU
		Release|Any CPU = Release|Any CPU
	EndGlobalSection
	GlobalSection(ProjectConfigurationPlatforms) = postSolution
		{F30001B6-66D4-4384-AE56-C9C1453F6FDE}.Debug|Any CPU.ActiveCfg = Debug|Any CPU
		{F30001B6-66D4-4384-AE56-C9C1453F6FDE}.Debug|Any CPU.Build.0 = Debug|Any CPU
		{F30001B6-66D4-4384-AE56-C9C1453F6FDE}.Release|Any CPU.ActiveCfg = Release|Any CPU
		{F30001B6-66D4-4384-AE56-C9C1453F6FDE}.Release|Any CPU.Build.0 = Release|Any CPU
	EndGlobalSection
	GlobalSection(SolutionProperties) = preSolution
		HideSolutionNode = FALSE
	EndGlobalSection
	GlobalSection(ExtensibilityGlobals) = postSolution
		SolutionGuid = {0E50B51B-2532-48FE-8AF6-804F71A1BCBD}
	EndGlobalSection
EndGlobal
